
Microsoft Visual Studio Solution File, Format Version 11.00
# Visual Studio 2010
Project("{FAE04EC0-301F-11D3-BF4B-00C04F79EFBC}") = "BooBoxClient", "BooBoxClient.csproj", "{6BEFEE59-9DC0-4CD5-8FA4-55A5068A1F7E}"
EndProject
Project("{FAE04EC0-301F-11D3-BF4B-00C04F79EFBC}") = "BooBox", "..\BooBoxLib\BooBox.csproj", "{89FA7319-D94A-4850-897D-636FCD63F1A5}"
EndProject
Global
	GlobalSection(SubversionScc) = preSolution
		Svn-Managed = True
		Manager = AnkhSVN - Subversion Support for Visual Studio
	EndGlobalSection
	GlobalSection(SolutionConfigurationPlatforms) = preSolution
		Debug|Any CPU = Debug|Any CPU
		Debug|Mixed Platforms = Debug|Mixed Platforms
		Debug|x86 = Debug|x86
		Release|Any CPU = Release|Any CPU
		Release|Mixed Platforms = Release|Mixed Platforms
		Release|x86 = Release|x86
	EndGlobalSection
	GlobalSection(ProjectConfigurationPlatforms) = postSolution
		{6BEFEE59-9DC0-4CD5-8FA4-55A5068A1F7E}.Debug|Any CPU.ActiveCfg = Debug|x86
		{6BEFEE59-9DC0-4CD5-8FA4-55A5068A1F7E}.Debug|Mixed Platforms.ActiveCfg = Debug|x86
		{6BEFEE59-9DC0-4CD5-8FA4-55A5068A1F7E}.Debug|Mixed Platforms.Build.0 = Debug|x86
		{6BEFEE59-9DC0-4CD5-8FA4-55A5068A1F7E}.Debug|x86.ActiveCfg = Debug|x86
		{6BEFEE59-9DC0-4CD5-8FA4-55A5068A1F7E}.Debug|x86.Build.0 = Debug|x86
		{6BEFEE59-9DC0-4CD5-8FA4-55A5068A1F7E}.Release|Any CPU.ActiveCfg = Release|x86
		{6BEFEE59-9DC0-4CD5-8FA4-55A5068A1F7E}.Release|Mixed Platforms.ActiveCfg = Release|x86
		{6BEFEE59-9DC0-4CD5-8FA4-55A5068A1F7E}.Release|Mixed Platforms.Build.0 = Release|x86
		{6BEFEE59-9DC0-4CD5-8FA4-55A5068A1F7E}.Release|x86.ActiveCfg = Release|x86
		{6BEFEE59-9DC0-4CD5-8FA4-55A5068A1F7E}.Release|x86.Build.0 = Release|x86
		{89FA7319-D94A-4850-897D-636FCD63F1A5}.Debug|Any CPU.ActiveCfg = Debug|Any CPU
		{89FA7319-D94A-4850-897D-636FCD63F1A5}.Debug|Any CPU.Build.0 = Debug|Any CPU
		{89FA7319-D94A-4850-897D-636FCD63F1A5}.Debug|Mixed Platforms.ActiveCfg = Debug|Any CPU
		{89FA7319-D94A-4850-897D-636FCD63F1A5}.Debug|Mixed Platforms.Build.0 = Debug|Any CPU
		{89FA7319-D94A-4850-897D-636FCD63F1A5}.Debug|x86.ActiveCfg = Debug|Any CPU
		{89FA7319-D94A-4850-897D-636FCD63F1A5}.Release|Any CPU.ActiveCfg = Release|Any CPU
		{89FA7319-D94A-4850-897D-636FCD63F1A5}.Release|Any CPU.Build.0 = Release|Any CPU
		{89FA7319-D94A-4850-897D-636FCD63F1A5}.Release|Mixed Platforms.ActiveCfg = Release|Any CPU
		{89FA7319-D94A-4850-897D-636FCD63F1A5}.Release|Mixed Platforms.Build.0 = Release|Any CPU
		{89FA7319-D94A-4850-897D-636FCD63F1A5}.Release|x86.ActiveCfg = Release|Any CPU
	EndGlobalSection
	GlobalSection(SolutionProperties) = preSolution
		HideSolutionNode = FALSE
	EndGlobalSection
EndGlobal
